// !$*UTF8*$!
{
	archiveVersion = 1;
	classes = {
	};
	objectVersion = 46;
	objects = {

/* Begin PBXBuildFile section */
		4F5EFCD416B6E8B400533CDF /* SocialHelper.m in Sources */ = {isa = PBXBuildFile; fileRef = 4F5EFCD316B6E8B400533CDF /* SocialHelper.m */; };
		4F5EFCD616B6EAFA00533CDF /* Social.framework in Frameworks */ = {isa = PBXBuildFile; fileRef = 4F5EFCD516B6EAFA00533CDF /* Social.framework */; };
		4F5EFCE616B7189900533CDF /* NSBubbleData.m in Sources */ = {isa = PBXBuildFile; fileRef = 4F5EFCDC16B7189900533CDF /* NSBubbleData.m */; };
		4F5EFCE716B7189900533CDF /* UIBubbleHeaderTableViewCell.m in Sources */ = {isa = PBXBuildFile; fileRef = 4F5EFCDE16B7189900533CDF /* UIBubbleHeaderTableViewCell.m */; };
		4F5EFCE816B7189900533CDF /* UIBubbleTableView.m in Sources */ = {isa = PBXBuildFile; fileRef = 4F5EFCE016B7189900533CDF /* UIBubbleTableView.m */; };
		4F5EFCE916B7189900533CDF /* UIBubbleTableViewCell.m in Sources */ = {isa = PBXBuildFile; fileRef = 4F5EFCE216B7189900533CDF /* UIBubbleTableViewCell.m */; };
		4F5EFCEA16B7189900533CDF /* UIBubbleTypingTableViewCell.m in Sources */ = {isa = PBXBuildFile; fileRef = 4F5EFCE516B7189900533CDF /* UIBubbleTypingTableViewCell.m */; };
		4F5EFD2916B71C6B00533CDF /* bubbleSomeone.png in Resources */ = {isa = PBXBuildFile; fileRef = 4F5EFD1A16B71C6B00533CDF /* bubbleSomeone.png */; };
		4F5EFD2A16B71C6B00533CDF /* bubbleSomeone@2x.png in Resources */ = {isa = PBXBuildFile; fileRef = 4F5EFD1B16B71C6B00533CDF /* bubbleSomeone@2x.png */; };
		4F5EFD2B16B71C6B00533CDF /* camera.png in Resources */ = {isa = PBXBuildFile; fileRef = 4F5EFD1C16B71C6B00533CDF /* camera.png */; };
		4F5EFD2C16B71C6B00533CDF /* MessageBubbleBlue.png in Resources */ = {isa = PBXBuildFile; fileRef = 4F5EFD1D16B71C6B00533CDF /* MessageBubbleBlue.png */; };
		4F5EFD2D16B71C6B00533CDF /* MessageBubbleBlue@2x.png in Resources */ = {isa = PBXBuildFile; fileRef = 4F5EFD1E16B71C6B00533CDF /* MessageBubbleBlue@2x.png */; };
		4F5EFD2E16B71C6B00533CDF /* MessageInputBarBackground.png in Resources */ = {isa = PBXBuildFile; fileRef = 4F5EFD1F16B71C6B00533CDF /* MessageInputBarBackground.png */; };
		4F5EFD2F16B71C6B00533CDF /* MessageInputBarBackground@2x.png in Resources */ = {isa = PBXBuildFile; fileRef = 4F5EFD2016B71C6B00533CDF /* MessageInputBarBackground@2x.png */; };
		4F5EFD3016B71C6B00533CDF /* MessageInputFieldBackground.png in Resources */ = {isa = PBXBuildFile; fileRef = 4F5EFD2116B71C6B00533CDF /* MessageInputFieldBackground.png */; };
		4F5EFD3116B71C6B00533CDF /* MessageInputFieldBackground@2x.png in Resources */ = {isa = PBXBuildFile; fileRef = 4F5EFD2216B71C6B00533CDF /* MessageInputFieldBackground@2x.png */; };
		4F5EFD3216B71C6B00533CDF /* missingAvatar.png in Resources */ = {isa = PBXBuildFile; fileRef = 4F5EFD2316B71C6B00533CDF /* missingAvatar.png */; };
		4F5EFD3316B71C6B00533CDF /* missingAvatar@2x.png in Resources */ = {isa = PBXBuildFile; fileRef = 4F5EFD2416B71C6B00533CDF /* missingAvatar@2x.png */; };
		4F5EFD3416B71C6B00533CDF /* navbar.png in Resources */ = {isa = PBXBuildFile; fileRef = 4F5EFD2516B71C6B00533CDF /* navbar.png */; };
		4F5EFD3516B71C6B00533CDF /* retina4.png in Resources */ = {isa = PBXBuildFile; fileRef = 4F5EFD2616B71C6B00533CDF /* retina4.png */; };
		4F5EFD3616B71C6B00533CDF /* SendButton.png in Resources */ = {isa = PBXBuildFile; fileRef = 4F5EFD2716B71C6B00533CDF /* SendButton.png */; };
		4F5EFD3716B71C6B00533CDF /* SendButton@2x.png in Resources */ = {isa = PBXBuildFile; fileRef = 4F5EFD2816B71C6B00533CDF /* SendButton@2x.png */; };
		4F5EFD3A16B71E1F00533CDF /* messages57.png in Resources */ = {isa = PBXBuildFile; fileRef = 4F5EFD3816B71E1F00533CDF /* messages57.png */; };
		4F5EFD3B16B71E1F00533CDF /* messages114.png in Resources */ = {isa = PBXBuildFile; fileRef = 4F5EFD3916B71E1F00533CDF /* messages114.png */; };
		4F5EFD3D16B7204800533CDF /* Default.png in Resources */ = {isa = PBXBuildFile; fileRef = 4F5EFD3C16B7204800533CDF /* Default.png */; };
		4F5EFD3F16B7206200533CDF /* Default@2x.png in Resources */ = {isa = PBXBuildFile; fileRef = 4F5EFD3E16B7206200533CDF /* Default@2x.png */; };
		4F8DDA6716B2EF15004CAE74 /* Default-568h@2x.png in Resources */ = {isa = PBXBuildFile; fileRef = 4F8DDA6616B2EF15004CAE74 /* Default-568h@2x.png */; };
		4F8DDA6916B2FD00004CAE74 /* iAd.framework in Frameworks */ = {isa = PBXBuildFile; fileRef = 4F8DDA6816B2FCFF004CAE74 /* iAd.framework */; };
		76ED206315BF096C00E186D3 /* UIKit.framework in Frameworks */ = {isa = PBXBuildFile; fileRef = 76ED206215BF096C00E186D3 /* UIKit.framework */; };
		76ED206515BF096C00E186D3 /* Foundation.framework in Frameworks */ = {isa = PBXBuildFile; fileRef = 76ED206415BF096C00E186D3 /* Foundation.framework */; };
		76ED206715BF096C00E186D3 /* CoreGraphics.framework in Frameworks */ = {isa = PBXBuildFile; fileRef = 76ED206615BF096C00E186D3 /* CoreGraphics.framework */; };
		76ED206D15BF096C00E186D3 /* InfoPlist.strings in Resources */ = {isa = PBXBuildFile; fileRef = 76ED206B15BF096C00E186D3 /* InfoPlist.strings */; };
		76ED206F15BF096C00E186D3 /* main.m in Sources */ = {isa = PBXBuildFile; fileRef = 76ED206E15BF096C00E186D3 /* main.m */; };
		76ED207315BF096C00E186D3 /* AppDelegate.m in Sources */ = {isa = PBXBuildFile; fileRef = 76ED207215BF096C00E186D3 /* AppDelegate.m */; };
		76ED207615BF096C00E186D3 /* ViewController.m in Sources */ = {isa = PBXBuildFile; fileRef = 76ED207515BF096C00E186D3 /* ViewController.m */; };
		76ED207915BF096C00E186D3 /* ViewController.xib in Resources */ = {isa = PBXBuildFile; fileRef = 76ED207715BF096C00E186D3 /* ViewController.xib */; };
/* End PBXBuildFile section */

/* Begin PBXFileReference section */
		4F5EFCD216B6E8B400533CDF /* SocialHelper.h */ = {isa = PBXFileReference; fileEncoding = 4; lastKnownFileType = sourcecode.c.h; path = SocialHelper.h; sourceTree = "<group>"; };
		4F5EFCD316B6E8B400533CDF /* SocialHelper.m */ = {isa = PBXFileReference; fileEncoding = 4; lastKnownFileType = sourcecode.c.objc; path = SocialHelper.m; sourceTree = "<group>"; };
		4F5EFCD516B6EAFA00533CDF /* Social.framework */ = {isa = PBXFileReference; lastKnownFileType = wrapper.framework; name = Social.framework; path = System/Library/Frameworks/Social.framework; sourceTree = SDKROOT; };
		4F5EFCDB16B7189900533CDF /* NSBubbleData.h */ = {isa = PBXFileReference; fileEncoding = 4; lastKnownFileType = sourcecode.c.h; path = NSBubbleData.h; sourceTree = "<group>"; };
		4F5EFCDC16B7189900533CDF /* NSBubbleData.m */ = {isa = PBXFileReference; fileEncoding = 4; lastKnownFileType = sourcecode.c.objc; path = NSBubbleData.m; sourceTree = "<group>"; };
		4F5EFCDD16B7189900533CDF /* UIBubbleHeaderTableViewCell.h */ = {isa = PBXFileReference; fileEncoding = 4; lastKnownFileType = sourcecode.c.h; path = UIBubbleHeaderTableViewCell.h; sourceTree = "<group>"; };
		4F5EFCDE16B7189900533CDF /* UIBubbleHeaderTableViewCell.m */ = {isa = PBXFileReference; fileEncoding = 4; lastKnownFileType = sourcecode.c.objc; path = UIBubbleHeaderTableViewCell.m; sourceTree = "<group>"; };
		4F5EFCDF16B7189900533CDF /* UIBubbleTableView.h */ = {isa = PBXFileReference; fileEncoding = 4; lastKnownFileType = sourcecode.c.h; path = UIBubbleTableView.h; sourceTree = "<group>"; };
		4F5EFCE016B7189900533CDF /* UIBubbleTableView.m */ = {isa = PBXFileReference; fileEncoding = 4; lastKnownFileType = sourcecode.c.objc; path = UIBubbleTableView.m; sourceTree = "<group>"; };
		4F5EFCE116B7189900533CDF /* UIBubbleTableViewCell.h */ = {isa = PBXFileReference; fileEncoding = 4; lastKnownFileType = sourcecode.c.h; path = UIBubbleTableViewCell.h; sourceTree = "<group>"; };
		4F5EFCE216B7189900533CDF /* UIBubbleTableViewCell.m */ = {isa = PBXFileReference; fileEncoding = 4; lastKnownFileType = sourcecode.c.objc; path = UIBubbleTableViewCell.m; sourceTree = "<group>"; };
		4F5EFCE316B7189900533CDF /* UIBubbleTableViewDataSource.h */ = {isa = PBXFileReference; fileEncoding = 4; lastKnownFileType = sourcecode.c.h; path = UIBubbleTableViewDataSource.h; sourceTree = "<group>"; };
		4F5EFCE416B7189900533CDF /* UIBubbleTypingTableViewCell.h */ = {isa = PBXFileReference; fileEncoding = 4; lastKnownFileType = sourcecode.c.h; path = UIBubbleTypingTableViewCell.h; sourceTree = "<group>"; };
		4F5EFCE516B7189900533CDF /* UIBubbleTypingTableViewCell.m */ = {isa = PBXFileReference; fileEncoding = 4; lastKnownFileType = sourcecode.c.objc; path = UIBubbleTypingTableViewCell.m; sourceTree = "<group>"; };
		4F5EFD1A16B71C6B00533CDF /* bubbleSomeone.png */ = {isa = PBXFileReference; lastKnownFileType = image.png; path = bubbleSomeone.png; sourceTree = "<group>"; };
		4F5EFD1B16B71C6B00533CDF /* bubbleSomeone@2x.png */ = {isa = PBXFileReference; lastKnownFileType = image.png; path = "bubbleSomeone@2x.png"; sourceTree = "<group>"; };
		4F5EFD1C16B71C6B00533CDF /* camera.png */ = {isa = PBXFileReference; lastKnownFileType = image.png; path = camera.png; sourceTree = "<group>"; };
		4F5EFD1D16B71C6B00533CDF /* MessageBubbleBlue.png */ = {isa = PBXFileReference; lastKnownFileType = image.png; path = MessageBubbleBlue.png; sourceTree = "<group>"; };
		4F5EFD1E16B71C6B00533CDF /* MessageBubbleBlue@2x.png */ = {isa = PBXFileReference; lastKnownFileType = image.png; path = "MessageBubbleBlue@2x.png"; sourceTree = "<group>"; };
		4F5EFD1F16B71C6B00533CDF /* MessageInputBarBackground.png */ = {isa = PBXFileReference; lastKnownFileType = image.png; path = MessageInputBarBackground.png; sourceTree = "<group>"; };
		4F5EFD2016B71C6B00533CDF /* MessageInputBarBackground@2x.png */ = {isa = PBXFileReference; lastKnownFileType = image.png; path = "MessageInputBarBackground@2x.png"; sourceTree = "<group>"; };
		4F5EFD2116B71C6B00533CDF /* MessageInputFieldBackground.png */ = {isa = PBXFileReference; lastKnownFileType = image.png; path = MessageInputFieldBackground.png; sourceTree = "<group>"; };
		4F5EFD2216B71C6B00533CDF /* MessageInputFieldBackground@2x.png */ = {isa = PBXFileReference; lastKnownFileType = image.png; path = "MessageInputFieldBackground@2x.png"; sourceTree = "<group>"; };
		4F5EFD2316B71C6B00533CDF /* missingAvatar.png */ = {isa = PBXFileReference; lastKnownFileType = image.png; path = missingAvatar.png; sourceTree = "<group>"; };
		4F5EFD2416B71C6B00533CDF /* missingAvatar@2x.png */ = {isa = PBXFileReference; lastKnownFileType = image.png; path = "missingAvatar@2x.png"; sourceTree = "<group>"; };
		4F5EFD2516B71C6B00533CDF /* navbar.png */ = {isa = PBXFileReference; lastKnownFileType = image.png; path = navbar.png; sourceTree = "<group>"; };
		4F5EFD2616B71C6B00533CDF /* retina4.png */ = {isa = PBXFileReference; lastKnownFileType = image.png; path = retina4.png; sourceTree = "<group>"; };
		4F5EFD2716B71C6B00533CDF /* SendButton.png */ = {isa = PBXFileReference; lastKnownFileType = image.png; path = SendButton.png; sourceTree = "<group>"; };
		4F5EFD2816B71C6B00533CDF /* SendButton@2x.png */ = {isa = PBXFileReference; lastKnownFileType = image.png; path = "SendButton@2x.png"; sourceTree = "<group>"; };
		4F5EFD3816B71E1F00533CDF /* messages57.png */ = {isa = PBXFileReference; lastKnownFileType = image.png; path = messages57.png; sourceTree = "<group>"; };
		4F5EFD3916B71E1F00533CDF /* messages114.png */ = {isa = PBXFileReference; lastKnownFileType = image.png; path = messages114.png; sourceTree = "<group>"; };
		4F5EFD3C16B7204800533CDF /* Default.png */ = {isa = PBXFileReference; lastKnownFileType = image.png; path = Default.png; sourceTree = "<group>"; };
		4F5EFD3E16B7206200533CDF /* Default@2x.png */ = {isa = PBXFileReference; lastKnownFileType = image.png; path = "Default@2x.png"; sourceTree = "<group>"; };
		4F8DDA6616B2EF15004CAE74 /* Default-568h@2x.png */ = {isa = PBXFileReference; lastKnownFileType = image.png; path = "Default-568h@2x.png"; sourceTree = "<group>"; };
		4F8DDA6816B2FCFF004CAE74 /* iAd.framework */ = {isa = PBXFileReference; lastKnownFileType = wrapper.framework; name = iAd.framework; path = System/Library/Frameworks/iAd.framework; sourceTree = SDKROOT; };
		76ED205E15BF096C00E186D3 /* MessageEditor.app */ = {isa = PBXFileReference; explicitFileType = wrapper.application; includeInIndex = 0; path = MessageEditor.app; sourceTree = BUILT_PRODUCTS_DIR; };
		76ED206215BF096C00E186D3 /* UIKit.framework */ = {isa = PBXFileReference; lastKnownFileType = wrapper.framework; name = UIKit.framework; path = System/Library/Frameworks/UIKit.framework; sourceTree = SDKROOT; };
		76ED206415BF096C00E186D3 /* Foundation.framework */ = {isa = PBXFileReference; lastKnownFileType = wrapper.framework; name = Foundation.framework; path = System/Library/Frameworks/Foundation.framework; sourceTree = SDKROOT; };
		76ED206615BF096C00E186D3 /* CoreGraphics.framework */ = {isa = PBXFileReference; lastKnownFileType = wrapper.framework; name = CoreGraphics.framework; path = System/Library/Frameworks/CoreGraphics.framework; sourceTree = SDKROOT; };
		76ED206A15BF096C00E186D3 /* MessageEditor-Info.plist */ = {isa = PBXFileReference; lastKnownFileType = text.plist.xml; path = "MessageEditor-Info.plist"; sourceTree = "<group>"; };
		76ED206C15BF096C00E186D3 /* en */ = {isa = PBXFileReference; lastKnownFileType = text.plist.strings; name = en; path = en.lproj/InfoPlist.strings; sourceTree = "<group>"; };
		76ED206E15BF096C00E186D3 /* main.m */ = {isa = PBXFileReference; lastKnownFileType = sourcecode.c.objc; path = main.m; sourceTree = "<group>"; };
		76ED207015BF096C00E186D3 /* MessageEditor-Prefix.pch */ = {isa = PBXFileReference; lastKnownFileType = sourcecode.c.h; path = "MessageEditor-Prefix.pch"; sourceTree = "<group>"; };
		76ED207115BF096C00E186D3 /* AppDelegate.h */ = {isa = PBXFileReference; lastKnownFileType = sourcecode.c.h; path = AppDelegate.h; sourceTree = "<group>"; };
		76ED207215BF096C00E186D3 /* AppDelegate.m */ = {isa = PBXFileReference; lastKnownFileType = sourcecode.c.objc; path = AppDelegate.m; sourceTree = "<group>"; };
		76ED207415BF096C00E186D3 /* ViewController.h */ = {isa = PBXFileReference; lastKnownFileType = sourcecode.c.h; path = ViewController.h; sourceTree = "<group>"; };
		76ED207515BF096C00E186D3 /* ViewController.m */ = {isa = PBXFileReference; lastKnownFileType = sourcecode.c.objc; path = ViewController.m; sourceTree = "<group>"; };
		76ED207815BF096C00E186D3 /* en */ = {isa = PBXFileReference; lastKnownFileType = file.xib; name = en; path = en.lproj/ViewController.xib; sourceTree = "<group>"; };
/* End PBXFileReference section */

/* Begin PBXFrameworksBuildPhase section */
		76ED205B15BF096C00E186D3 /* Frameworks */ = {
			isa = PBXFrameworksBuildPhase;
			buildActionMask = 2147483647;
			files = (
				4F5EFCD616B6EAFA00533CDF /* Social.framework in Frameworks */,
				4F8DDA6916B2FD00004CAE74 /* iAd.framework in Frameworks */,
				76ED206315BF096C00E186D3 /* UIKit.framework in Frameworks */,
				76ED206515BF096C00E186D3 /* Foundation.framework in Frameworks */,
				76ED206715BF096C00E186D3 /* CoreGraphics.framework in Frameworks */,
			);
			runOnlyForDeploymentPostprocessing = 0;
		};
/* End PBXFrameworksBuildPhase section */

/* Begin PBXGroup section */
		76ED205315BF096C00E186D3 = {
			isa = PBXGroup;
			children = (
				4F5EFD3E16B7206200533CDF /* Default@2x.png */,
				4F5EFD3C16B7204800533CDF /* Default.png */,
				4F5EFD3816B71E1F00533CDF /* messages57.png */,
				4F5EFD3916B71E1F00533CDF /* messages114.png */,
				4F5EFCD516B6EAFA00533CDF /* Social.framework */,
				4F8DDA6616B2EF15004CAE74 /* Default-568h@2x.png */,
				76ED206815BF096C00E186D3 /* UIBubbleTableViewExample */,
				76ED206115BF096C00E186D3 /* Frameworks */,
				76ED205F15BF096C00E186D3 /* Products */,
			);
			sourceTree = "<group>";
		};
		76ED205F15BF096C00E186D3 /* Products */ = {
			isa = PBXGroup;
			children = (
				76ED205E15BF096C00E186D3 /* MessageEditor.app */,
			);
			name = Products;
			sourceTree = "<group>";
		};
		76ED206115BF096C00E186D3 /* Frameworks */ = {
			isa = PBXGroup;
			children = (
				4F8DDA6816B2FCFF004CAE74 /* iAd.framework */,
				76ED206215BF096C00E186D3 /* UIKit.framework */,
				76ED206415BF096C00E186D3 /* Foundation.framework */,
				76ED206615BF096C00E186D3 /* CoreGraphics.framework */,
			);
			name = Frameworks;
			sourceTree = "<group>";
		};
		76ED206815BF096C00E186D3 /* UIBubbleTableViewExample */ = {
			isa = PBXGroup;
			children = (
				76ED208315BF09AD00E186D3 /* src */,
				76ED207115BF096C00E186D3 /* AppDelegate.h */,
				76ED207215BF096C00E186D3 /* AppDelegate.m */,
				76ED207415BF096C00E186D3 /* ViewController.h */,
				76ED207515BF096C00E186D3 /* ViewController.m */,
				76ED207715BF096C00E186D3 /* ViewController.xib */,
				76ED206915BF096C00E186D3 /* Supporting Files */,
			);
			path = UIBubbleTableViewExample;
			sourceTree = "<group>";
		};
		76ED206915BF096C00E186D3 /* Supporting Files */ = {
			isa = PBXGroup;
			children = (
				4F5EFD1A16B71C6B00533CDF /* bubbleSomeone.png */,
				4F5EFD1B16B71C6B00533CDF /* bubbleSomeone@2x.png */,
				4F5EFD1C16B71C6B00533CDF /* camera.png */,
				4F5EFD1D16B71C6B00533CDF /* MessageBubbleBlue.png */,
				4F5EFD1E16B71C6B00533CDF /* MessageBubbleBlue@2x.png */,
				4F5EFD1F16B71C6B00533CDF /* MessageInputBarBackground.png */,
				4F5EFD2016B71C6B00533CDF /* MessageInputBarBackground@2x.png */,
				4F5EFD2116B71C6B00533CDF /* MessageInputFieldBackground.png */,
				4F5EFD2216B71C6B00533CDF /* MessageInputFieldBackground@2x.png */,
				4F5EFD2316B71C6B00533CDF /* missingAvatar.png */,
				4F5EFD2416B71C6B00533CDF /* missingAvatar@2x.png */,
				4F5EFD2516B71C6B00533CDF /* navbar.png */,
				4F5EFD2616B71C6B00533CDF /* retina4.png */,
				4F5EFD2716B71C6B00533CDF /* SendButton.png */,
				4F5EFD2816B71C6B00533CDF /* SendButton@2x.png */,
				76ED206A15BF096C00E186D3 /* MessageEditor-Info.plist */,
				76ED206B15BF096C00E186D3 /* InfoPlist.strings */,
				76ED206E15BF096C00E186D3 /* main.m */,
				76ED207015BF096C00E186D3 /* MessageEditor-Prefix.pch */,
			);
			name = "Supporting Files";
			sourceTree = "<group>";
		};
		76ED208315BF09AD00E186D3 /* src */ = {
			isa = PBXGroup;
			children = (
				4F5EFCDB16B7189900533CDF /* NSBubbleData.h */,
				4F5EFCDC16B7189900533CDF /* NSBubbleData.m */,
				4F5EFCDD16B7189900533CDF /* UIBubbleHeaderTableViewCell.h */,
				4F5EFCDE16B7189900533CDF /* UIBubbleHeaderTableViewCell.m */,
				4F5EFCDF16B7189900533CDF /* UIBubbleTableView.h */,
				4F5EFCE016B7189900533CDF /* UIBubbleTableView.m */,
				4F5EFCE116B7189900533CDF /* UIBubbleTableViewCell.h */,
				4F5EFCE216B7189900533CDF /* UIBubbleTableViewCell.m */,
				4F5EFCE316B7189900533CDF /* UIBubbleTableViewDataSource.h */,
				4F5EFCE416B7189900533CDF /* UIBubbleTypingTableViewCell.h */,
				4F5EFCE516B7189900533CDF /* UIBubbleTypingTableViewCell.m */,
				4F5EFCD216B6E8B400533CDF /* SocialHelper.h */,
				4F5EFCD316B6E8B400533CDF /* SocialHelper.m */,
			);
			name = src;
			sourceTree = "<group>";
		};
/* End PBXGroup section */

/* Begin PBXNativeTarget section */
		76ED205D15BF096C00E186D3 /* MessageEditor */ = {
			isa = PBXNativeTarget;
			buildConfigurationList = 76ED207C15BF096C00E186D3 /* Build configuration list for PBXNativeTarget "MessageEditor" */;
			buildPhases = (
				76ED205A15BF096C00E186D3 /* Sources */,
				76ED205B15BF096C00E186D3 /* Frameworks */,
				76ED205C15BF096C00E186D3 /* Resources */,
			);
			buildRules = (
			);
			dependencies = (
			);
			name = MessageEditor;
			productName = UIBubbleTableViewExample;
			productReference = 76ED205E15BF096C00E186D3 /* MessageEditor.app */;
			productType = "com.apple.product-type.application";
		};
/* End PBXNativeTarget section */

/* Begin PBXProject section */
		76ED205515BF096C00E186D3 /* Project object */ = {
			isa = PBXProject;
			attributes = {
				LastUpgradeCheck = 0460;
			};
			buildConfigurationList = 76ED205815BF096C00E186D3 /* Build configuration list for PBXProject "MessageEditor" */;
			compatibilityVersion = "Xcode 3.2";
			developmentRegion = English;
			hasScannedForEncodings = 0;
			knownRegions = (
				en,
			);
			mainGroup = 76ED205315BF096C00E186D3;
			productRefGroup = 76ED205F15BF096C00E186D3 /* Products */;
			projectDirPath = "";
			projectRoot = "";
			targets = (
				76ED205D15BF096C00E186D3 /* MessageEditor */,
			);
		};
/* End PBXProject section */

/* Begin PBXResourcesBuildPhase section */
		76ED205C15BF096C00E186D3 /* Resources */ = {
			isa = PBXResourcesBuildPhase;
			buildActionMask = 2147483647;
			files = (
				76ED206D15BF096C00E186D3 /* InfoPlist.strings in Resources */,
				76ED207915BF096C00E186D3 /* ViewController.xib in Resources */,
				4F8DDA6716B2EF15004CAE74 /* Default-568h@2x.png in Resources */,
				4F5EFD2916B71C6B00533CDF /* bubbleSomeone.png in Resources */,
				4F5EFD2A16B71C6B00533CDF /* bubbleSomeone@2x.png in Resources */,
				4F5EFD2B16B71C6B00533CDF /* camera.png in Resources */,
				4F5EFD2C16B71C6B00533CDF /* MessageBubbleBlue.png in Resources */,
				4F5EFD2D16B71C6B00533CDF /* MessageBubbleBlue@2x.png in Resources */,
				4F5EFD2E16B71C6B00533CDF /* MessageInputBarBackground.png in Resources */,
				4F5EFD2F16B71C6B00533CDF /* MessageInputBarBackground@2x.png in Resources */,
				4F5EFD3016B71C6B00533CDF /* MessageInputFieldBackground.png in Resources */,
				4F5EFD3116B71C6B00533CDF /* MessageInputFieldBackground@2x.png in Resources */,
				4F5EFD3216B71C6B00533CDF /* missingAvatar.png in Resources */,
				4F5EFD3316B71C6B00533CDF /* missingAvatar@2x.png in Resources */,
				4F5EFD3416B71C6B00533CDF /* navbar.png in Resources */,
				4F5EFD3516B71C6B00533CDF /* retina4.png in Resources */,
				4F5EFD3616B71C6B00533CDF /* SendButton.png in Resources */,
				4F5EFD3716B71C6B00533CDF /* SendButton@2x.png in Resources */,
				4F5EFD3A16B71E1F00533CDF /* messages57.png in Resources */,
				4F5EFD3B16B71E1F00533CDF /* messages114.png in Resources */,
				4F5EFD3D16B7204800533CDF /* Default.png in Resources */,
				4F5EFD3F16B7206200533CDF /* Default@2x.png in Resources */,
			);
			runOnlyForDeploymentPostprocessing = 0;
		};
/* End PBXResourcesBuildPhase section */

/* Begin PBXSourcesBuildPhase section */
		76ED205A15BF096C00E186D3 /* Sources */ = {
			isa = PBXSourcesBuildPhase;
			buildActionMask = 2147483647;
			files = (
				76ED206F15BF096C00E186D3 /* main.m in Sources */,
				76ED207315BF096C00E186D3 /* AppDelegate.m in Sources */,
				76ED207615BF096C00E186D3 /* ViewController.m in Sources */,
				4F5EFCD416B6E8B400533CDF /* SocialHelper.m in Sources */,
				4F5EFCE616B7189900533CDF /* NSBubbleData.m in Sources */,
				4F5EFCE716B7189900533CDF /* UIBubbleHeaderTableViewCell.m in Sources */,
				4F5EFCE816B7189900533CDF /* UIBubbleTableView.m in Sources */,
				4F5EFCE916B7189900533CDF /* UIBubbleTableViewCell.m in Sources */,
				4F5EFCEA16B7189900533CDF /* UIBubbleTypingTableViewCell.m in Sources */,
			);
			runOnlyForDeploymentPostprocessing = 0;
		};
/* End PBXSourcesBuildPhase section */

/* Begin PBXVariantGroup section */
		76ED206B15BF096C00E186D3 /* InfoPlist.strings */ = {
			isa = PBXVariantGroup;
			children = (
				76ED206C15BF096C00E186D3 /* en */,
			);
			name = InfoPlist.strings;
			sourceTree = "<group>";
		};
		76ED207715BF096C00E186D3 /* ViewController.xib */ = {
			isa = PBXVariantGroup;
			children = (
				76ED207815BF096C00E186D3 /* en */,
			);
			name = ViewController.xib;
			sourceTree = "<group>";
		};
/* End PBXVariantGroup section */

/* Begin XCBuildConfiguration section */
		76ED207A15BF096C00E186D3 /* Debug */ = {
			isa = XCBuildConfiguration;
			buildSettings = {
				ALWAYS_SEARCH_USER_PATHS = NO;
				ARCHS = "$(ARCHS_STANDARD_32_BIT)";
				CLANG_WARN_CONSTANT_CONVERSION = YES;
				CLANG_WARN_DEPRECATED_OBJC_IMPLEMENTATIONS = YES;
				CLANG_WARN_INT_CONVERSION = YES;
				CLANG_WARN__DUPLICATE_METHOD_MATCH = YES;
				"CODE_SIGN_IDENTITY[sdk=iphoneos*]" = "iPhone Developer";
				COPY_PHASE_STRIP = NO;
				GCC_C_LANGUAGE_STANDARD = gnu99;
				GCC_DYNAMIC_NO_PIC = NO;
				GCC_OPTIMIZATION_LEVEL = 0;
				GCC_PREPROCESSOR_DEFINITIONS = (
					"DEBUG=1",
					"$(inherited)",
				);
				GCC_SYMBOLS_PRIVATE_EXTERN = NO;
				GCC_VERSION = com.apple.compilers.llvm.clang.1_0;
				GCC_WARN_ABOUT_RETURN_TYPE = YES;
				GCC_WARN_UNINITIALIZED_AUTOS = YES;
				GCC_WARN_UNUSED_VARIABLE = YES;
				IPHONEOS_DEPLOYMENT_TARGET = 5.1;
				SDKROOT = iphoneos;
			};
			name = Debug;
		};
		76ED207B15BF096C00E186D3 /* Release */ = {
			isa = XCBuildConfiguration;
			buildSettings = {
				ALWAYS_SEARCH_USER_PATHS = NO;
				ARCHS = "$(ARCHS_STANDARD_32_BIT)";
				CLANG_WARN_CONSTANT_CONVERSION = YES;
				CLANG_WARN_DEPRECATED_OBJC_IMPLEMENTATIONS = YES;
				CLANG_WARN_INT_CONVERSION = YES;
				CLANG_WARN__DUPLICATE_METHOD_MATCH = YES;
				"CODE_SIGN_IDENTITY[sdk=iphoneos*]" = "iPhone Developer";
				COPY_PHASE_STRIP = YES;
				GCC_C_LANGUAGE_STANDARD = gnu99;
				GCC_VERSION = com.apple.compilers.llvm.clang.1_0;
				GCC_WARN_ABOUT_RETURN_TYPE = YES;
				GCC_WARN_UNINITIALIZED_AUTOS = YES;
				GCC_WARN_UNUSED_VARIABLE = YES;
				IPHONEOS_DEPLOYMENT_TARGET = 5.1;
				OTHER_CFLAGS = "-DNS_BLOCK_ASSERTIONS=1";
				SDKROOT = iphoneos;
				VALIDATE_PRODUCT = YES;
			};
			name = Release;
		};
		76ED207D15BF096C00E186D3 /* Debug */ = {
			isa = XCBuildConfiguration;
			buildSettings = {
				GCC_PRECOMPILE_PREFIX_HEADER = YES;
				GCC_PREFIX_HEADER = "UIBubbleTableViewExample/MessageEditor-Prefix.pch";
				INFOPLIST_FILE = "UIBubbleTableViewExample/MessageEditor-Info.plist";
				IPHONEOS_DEPLOYMENT_TARGET = 6.0;
				PRODUCT_NAME = MessageEditor;
				WRAPPER_EXTENSION = app;
			};
			name = Debug;
		};
		76ED207E15BF096C00E186D3 /* Release */ = {
			isa = XCBuildConfiguration;
			buildSettings = {
				GCC_PRECOMPILE_PREFIX_HEADER = YES;
				GCC_PREFIX_HEADER = "UIBubbleTableViewExample/MessageEditor-Prefix.pch";
				INFOPLIST_FILE = "UIBubbleTableViewExample/MessageEditor-Info.plist";
				IPHONEOS_DEPLOYMENT_TARGET = 6.0;
				PRODUCT_NAME = MessageEditor;
				WRAPPER_EXTENSION = app;
			};
			name = Release;
		};
/* End XCBuildConfiguration section */

/* Begin XCConfigurationList section */
		76ED205815BF096C00E186D3 /* Build configuration list for PBXProject "MessageEditor" */ = {
			isa = XCConfigurationList;
			buildConfigurations = (
				76ED207A15BF096C00E186D3 /* Debug */,
				76ED207B15BF096C00E186D3 /* Release */,
			);
			defaultConfigurationIsVisible = 0;
			defaultConfigurationName = Release;
		};
		76ED207C15BF096C00E186D3 /* Build configuration list for PBXNativeTarget "MessageEditor" */ = {
			isa = XCConfigurationList;
			buildConfigurations = (
				76ED207D15BF096C00E186D3 /* Debug */,
				76ED207E15BF096C00E186D3 /* Release */,
			);
			defaultConfigurationIsVisible = 0;
			defaultConfigurationName = Release;
		};
/* End XCConfigurationList section */
	};
	rootObject = 76ED205515BF096C00E186D3 /* Project object */;
}
